// !$*UTF8*$!
{
	archiveVersion = 1;
	classes = {
	};
	objectVersion = 55;
	objects = {

/* Begin PBXBuildFile section */
		0A0EC35E289BDD98005DC884 /* DetailsViewController.swift in Sources */ = {isa = PBXBuildFile; fileRef = 0A0EC35D289BDD98005DC884 /* DetailsViewController.swift */; };
		0A0EC362289BF5D2005DC884 /* OverviewTableViewCell.swift in Sources */ = {isa = PBXBuildFile; fileRef = 0A0EC360289BF5D2005DC884 /* OverviewTableViewCell.swift */; };
		0A0EC363289BF5D2005DC884 /* OverviewTableViewCell.xib in Resources */ = {isa = PBXBuildFile; fileRef = 0A0EC361289BF5D2005DC884 /* OverviewTableViewCell.xib */; };
		0A10474128A2872B0095CB80 /* RecommendationsViewController.swift in Sources */ = {isa = PBXBuildFile; fileRef = 0A10473F28A2872B0095CB80 /* RecommendationsViewController.swift */; };
		0A10474428A287D00095CB80 /* Recommendations.storyboard in Resources */ = {isa = PBXBuildFile; fileRef = 0A10474328A287D00095CB80 /* Recommendations.storyboard */; };
		0A10474728A28B490095CB80 /* RecommendationsTableViewCell.swift in Sources */ = {isa = PBXBuildFile; fileRef = 0A10474528A28B490095CB80 /* RecommendationsTableViewCell.swift */; };
		0A10474828A28B490095CB80 /* RecommendationsTableViewCell.xib in Resources */ = {isa = PBXBuildFile; fileRef = 0A10474628A28B490095CB80 /* RecommendationsTableViewCell.xib */; };
		0A10474D28A28E500095CB80 /* PosterView.xib in Resources */ = {isa = PBXBuildFile; fileRef = 0A10474C28A28E500095CB80 /* PosterView.xib */; };
		0A10474F28A28E620095CB80 /* PosterView.swift in Sources */ = {isa = PBXBuildFile; fileRef = 0A10474E28A28E620095CB80 /* PosterView.swift */; };
		0A10475228A291EC0095CB80 /* NibName.swift in Sources */ = {isa = PBXBuildFile; fileRef = 0A10475128A291EC0095CB80 /* NibName.swift */; };
		0A10475528A295D50095CB80 /* PosterCollectionViewCell.swift in Sources */ = {isa = PBXBuildFile; fileRef = 0A10475328A295D40095CB80 /* PosterCollectionViewCell.swift */; };
		0A10475628A295D50095CB80 /* PosterCollectionViewCell.xib in Resources */ = {isa = PBXBuildFile; fileRef = 0A10475428A295D40095CB80 /* PosterCollectionViewCell.xib */; };
		0A130A132899F72D00B1CCB5 /* AppDelegate.swift in Sources */ = {isa = PBXBuildFile; fileRef = 0A130A122899F72D00B1CCB5 /* AppDelegate.swift */; };
		0A130A152899F72D00B1CCB5 /* SceneDelegate.swift in Sources */ = {isa = PBXBuildFile; fileRef = 0A130A142899F72D00B1CCB5 /* SceneDelegate.swift */; };
		0A130A1A2899F72D00B1CCB5 /* Main.storyboard in Resources */ = {isa = PBXBuildFile; fileRef = 0A130A182899F72D00B1CCB5 /* Main.storyboard */; };
		0A130A1C2899F72D00B1CCB5 /* Assets.xcassets in Resources */ = {isa = PBXBuildFile; fileRef = 0A130A1B2899F72D00B1CCB5 /* Assets.xcassets */; };
		0A130A1F2899F72D00B1CCB5 /* LaunchScreen.storyboard in Resources */ = {isa = PBXBuildFile; fileRef = 0A130A1D2899F72D00B1CCB5 /* LaunchScreen.storyboard */; };
		0A130A272899F7D300B1CCB5 /* .gitignore in Resources */ = {isa = PBXBuildFile; fileRef = 0A130A262899F7D300B1CCB5 /* .gitignore */; };
		0A130A2B2899F88D00B1CCB5 /* APIKey.swift in Sources */ = {isa = PBXBuildFile; fileRef = 0A130A2A2899F88D00B1CCB5 /* APIKey.swift */; };
		0A130A2F2899F9B800B1CCB5 /* Constant.swift in Sources */ = {isa = PBXBuildFile; fileRef = 0A130A2E2899F9B800B1CCB5 /* Constant.swift */; };
		0A130A332899FAAB00B1CCB5 /* Example.swift in Sources */ = {isa = PBXBuildFile; fileRef = 0A130A322899FAAB00B1CCB5 /* Example.swift */; };
		0A60F068289FBE05008538AF /* Web.storyboard in Resources */ = {isa = PBXBuildFile; fileRef = 0A60F067289FBE05008538AF /* Web.storyboard */; };
		0A62E532289AB63A00951038 /* TrendingCollectionViewCell.swift in Sources */ = {isa = PBXBuildFile; fileRef = 0A62E530289AB63A00951038 /* TrendingCollectionViewCell.swift */; };
		0A62E533289AB63A00951038 /* TrendingCollectionViewCell.xib in Resources */ = {isa = PBXBuildFile; fileRef = 0A62E531289AB63A00951038 /* TrendingCollectionViewCell.xib */; };
		0A62E536289AB69800951038 /* TrendingViewController.swift in Sources */ = {isa = PBXBuildFile; fileRef = 0A62E535289AB69800951038 /* TrendingViewController.swift */; };
		0A62E539289AB86E00951038 /* Alamofire in Frameworks */ = {isa = PBXBuildFile; productRef = 0A62E538289AB86E00951038 /* Alamofire */; };
		0A62E53C289AB87F00951038 /* SwiftyJSON in Frameworks */ = {isa = PBXBuildFile; productRef = 0A62E53B289AB87F00951038 /* SwiftyJSON */; };
		0A62E53F289ABA0400951038 /* MediaModel.swift in Sources */ = {isa = PBXBuildFile; fileRef = 0A62E53E289ABA0400951038 /* MediaModel.swift */; };
		0A62E543289ABCCF00951038 /* ReusableViewProtocol.swift in Sources */ = {isa = PBXBuildFile; fileRef = 0A62E542289ABCCF00951038 /* ReusableViewProtocol.swift */; };
		0A62E545289ABCFC00951038 /* UIViewController+Extension.swift in Sources */ = {isa = PBXBuildFile; fileRef = 0A62E544289ABCFC00951038 /* UIViewController+Extension.swift */; };
		0A62E547289ABD4D00951038 /* UICollectionViewCell+Extension.swift in Sources */ = {isa = PBXBuildFile; fileRef = 0A62E546289ABD4D00951038 /* UICollectionViewCell+Extension.swift */; };
		0A62E54A289AC7FE00951038 /* Kingfisher in Frameworks */ = {isa = PBXBuildFile; productRef = 0A62E549289AC7FE00951038 /* Kingfisher */; };
		0A7ADC40289FBD4B00A32A39 /* WebViewController.swift in Sources */ = {isa = PBXBuildFile; fileRef = 0A7ADC3F289FBD4B00A32A39 /* WebViewController.swift */; };
		0A8F41B3289BF84400AC4B96 /* UITableViewCell+Extension.swift in Sources */ = {isa = PBXBuildFile; fileRef = 0A8F41B2289BF84400AC4B96 /* UITableViewCell+Extension.swift */; };
		0A8F41B5289C015A00AC4B96 /* CustomTableViewCellDelegate.swift in Sources */ = {isa = PBXBuildFile; fileRef = 0A8F41B4289C015A00AC4B96 /* CustomTableViewCellDelegate.swift */; };
		0A8F41B9289C07D900AC4B96 /* CreditsTableViewCell.xib in Resources */ = {isa = PBXBuildFile; fileRef = 0A8F41B7289C07D900AC4B96 /* CreditsTableViewCell.xib */; };
		0A8F41BC289C0A2700AC4B96 /* CastModel.swift in Sources */ = {isa = PBXBuildFile; fileRef = 0A8F41BB289C0A2700AC4B96 /* CastModel.swift */; };
		0A8F41BF289C0F1900AC4B96 /* CreditsTableViewCell.swift in Sources */ = {isa = PBXBuildFile; fileRef = 0A8F41BE289C0F1900AC4B96 /* CreditsTableViewCell.swift */; };
		0AFD374528A1356D002D10B8 /* SkeletonView in Frameworks */ = {isa = PBXBuildFile; productRef = 0AFD374428A1356D002D10B8 /* SkeletonView */; };
		0AFD374828A1366C002D10B8 /* JGProgressHUD in Frameworks */ = {isa = PBXBuildFile; productRef = 0AFD374728A1366C002D10B8 /* JGProgressHUD */; };
/* End PBXBuildFile section */

/* Begin PBXFileReference section */
		0A0EC35D289BDD98005DC884 /* DetailsViewController.swift */ = {isa = PBXFileReference; lastKnownFileType = sourcecode.swift; path = DetailsViewController.swift; sourceTree = "<group>"; };
		0A0EC360289BF5D2005DC884 /* OverviewTableViewCell.swift */ = {isa = PBXFileReference; lastKnownFileType = sourcecode.swift; path = OverviewTableViewCell.swift; sourceTree = "<group>"; };
		0A0EC361289BF5D2005DC884 /* OverviewTableViewCell.xib */ = {isa = PBXFileReference; lastKnownFileType = file.xib; path = OverviewTableViewCell.xib; sourceTree = "<group>"; };
		0A10473F28A2872B0095CB80 /* RecommendationsViewController.swift */ = {isa = PBXFileReference; lastKnownFileType = sourcecode.swift; path = RecommendationsViewController.swift; sourceTree = "<group>"; };
		0A10474328A287D00095CB80 /* Recommendations.storyboard */ = {isa = PBXFileReference; lastKnownFileType = file.storyboard; path = Recommendations.storyboard; sourceTree = "<group>"; };
		0A10474528A28B490095CB80 /* RecommendationsTableViewCell.swift */ = {isa = PBXFileReference; lastKnownFileType = sourcecode.swift; path = RecommendationsTableViewCell.swift; sourceTree = "<group>"; };
		0A10474628A28B490095CB80 /* RecommendationsTableViewCell.xib */ = {isa = PBXFileReference; lastKnownFileType = file.xib; path = RecommendationsTableViewCell.xib; sourceTree = "<group>"; };
		0A10474C28A28E500095CB80 /* PosterView.xib */ = {isa = PBXFileReference; lastKnownFileType = file.xib; path = PosterView.xib; sourceTree = "<group>"; };
		0A10474E28A28E620095CB80 /* PosterView.swift */ = {isa = PBXFileReference; lastKnownFileType = sourcecode.swift; path = PosterView.swift; sourceTree = "<group>"; };
		0A10475128A291EC0095CB80 /* NibName.swift */ = {isa = PBXFileReference; lastKnownFileType = sourcecode.swift; path = NibName.swift; sourceTree = "<group>"; };
		0A10475328A295D40095CB80 /* PosterCollectionViewCell.swift */ = {isa = PBXFileReference; lastKnownFileType = sourcecode.swift; path = PosterCollectionViewCell.swift; sourceTree = "<group>"; };
		0A10475428A295D40095CB80 /* PosterCollectionViewCell.xib */ = {isa = PBXFileReference; lastKnownFileType = file.xib; path = PosterCollectionViewCell.xib; sourceTree = "<group>"; };
		0A130A0F2899F72D00B1CCB5 /* TMDB.app */ = {isa = PBXFileReference; explicitFileType = wrapper.application; includeInIndex = 0; path = TMDB.app; sourceTree = BUILT_PRODUCTS_DIR; };
		0A130A122899F72D00B1CCB5 /* AppDelegate.swift */ = {isa = PBXFileReference; lastKnownFileType = sourcecode.swift; path = AppDelegate.swift; sourceTree = "<group>"; };
		0A130A142899F72D00B1CCB5 /* SceneDelegate.swift */ = {isa = PBXFileReference; lastKnownFileType = sourcecode.swift; path = SceneDelegate.swift; sourceTree = "<group>"; };
		0A130A192899F72D00B1CCB5 /* Base */ = {isa = PBXFileReference; lastKnownFileType = file.storyboard; name = Base; path = Base.lproj/Main.storyboard; sourceTree = "<group>"; };
		0A130A1B2899F72D00B1CCB5 /* Assets.xcassets */ = {isa = PBXFileReference; lastKnownFileType = folder.assetcatalog; path = Assets.xcassets; sourceTree = "<group>"; };
		0A130A1E2899F72D00B1CCB5 /* Base */ = {isa = PBXFileReference; lastKnownFileType = file.storyboard; name = Base; path = Base.lproj/LaunchScreen.storyboard; sourceTree = "<group>"; };
		0A130A202899F72D00B1CCB5 /* Info.plist */ = {isa = PBXFileReference; lastKnownFileType = text.plist.xml; path = Info.plist; sourceTree = "<group>"; };
		0A130A262899F7D300B1CCB5 /* .gitignore */ = {isa = PBXFileReference; lastKnownFileType = text; path = .gitignore; sourceTree = "<group>"; };
		0A130A2A2899F88D00B1CCB5 /* APIKey.swift */ = {isa = PBXFileReference; lastKnownFileType = sourcecode.swift; path = APIKey.swift; sourceTree = "<group>"; };
		0A130A2E2899F9B800B1CCB5 /* Constant.swift */ = {isa = PBXFileReference; lastKnownFileType = sourcecode.swift; path = Constant.swift; sourceTree = "<group>"; };
		0A130A322899FAAB00B1CCB5 /* Example.swift */ = {isa = PBXFileReference; lastKnownFileType = sourcecode.swift; path = Example.swift; sourceTree = "<group>"; };
		0A60F067289FBE05008538AF /* Web.storyboard */ = {isa = PBXFileReference; lastKnownFileType = file.storyboard; path = Web.storyboard; sourceTree = "<group>"; };
		0A62E530289AB63A00951038 /* TrendingCollectionViewCell.swift */ = {isa = PBXFileReference; lastKnownFileType = sourcecode.swift; path = TrendingCollectionViewCell.swift; sourceTree = "<group>"; };
		0A62E531289AB63A00951038 /* TrendingCollectionViewCell.xib */ = {isa = PBXFileReference; lastKnownFileType = file.xib; path = TrendingCollectionViewCell.xib; sourceTree = "<group>"; };
		0A62E535289AB69800951038 /* TrendingViewController.swift */ = {isa = PBXFileReference; lastKnownFileType = sourcecode.swift; path = TrendingViewController.swift; sourceTree = "<group>"; };
		0A62E53E289ABA0400951038 /* MediaModel.swift */ = {isa = PBXFileReference; lastKnownFileType = sourcecode.swift; path = MediaModel.swift; sourceTree = "<group>"; };
		0A62E542289ABCCF00951038 /* ReusableViewProtocol.swift */ = {isa = PBXFileReference; lastKnownFileType = sourcecode.swift; path = ReusableViewProtocol.swift; sourceTree = "<group>"; };
		0A62E544289ABCFC00951038 /* UIViewController+Extension.swift */ = {isa = PBXFileReference; lastKnownFileType = sourcecode.swift; path = "UIViewController+Extension.swift"; sourceTree = "<group>"; };
		0A62E546289ABD4D00951038 /* UICollectionViewCell+Extension.swift */ = {isa = PBXFileReference; lastKnownFileType = sourcecode.swift; path = "UICollectionViewCell+Extension.swift"; sourceTree = "<group>"; };
		0A7ADC3F289FBD4B00A32A39 /* WebViewController.swift */ = {isa = PBXFileReference; lastKnownFileType = sourcecode.swift; path = WebViewController.swift; sourceTree = "<group>"; };
		0A8F41B2289BF84400AC4B96 /* UITableViewCell+Extension.swift */ = {isa = PBXFileReference; lastKnownFileType = sourcecode.swift; path = "UITableViewCell+Extension.swift"; sourceTree = "<group>"; };
		0A8F41B4289C015A00AC4B96 /* CustomTableViewCellDelegate.swift */ = {isa = PBXFileReference; lastKnownFileType = sourcecode.swift; path = CustomTableViewCellDelegate.swift; sourceTree = "<group>"; };
		0A8F41B7289C07D900AC4B96 /* CreditsTableViewCell.xib */ = {isa = PBXFileReference; lastKnownFileType = file.xib; path = CreditsTableViewCell.xib; sourceTree = "<group>"; };
		0A8F41BB289C0A2700AC4B96 /* CastModel.swift */ = {isa = PBXFileReference; lastKnownFileType = sourcecode.swift; path = CastModel.swift; sourceTree = "<group>"; };
		0A8F41BE289C0F1900AC4B96 /* CreditsTableViewCell.swift */ = {isa = PBXFileReference; lastKnownFileType = sourcecode.swift; path = CreditsTableViewCell.swift; sourceTree = "<group>"; };
/* End PBXFileReference section */

/* Begin PBXFrameworksBuildPhase section */
		0A130A0C2899F72D00B1CCB5 /* Frameworks */ = {
			isa = PBXFrameworksBuildPhase;
			buildActionMask = 2147483647;
			files = (
				0AFD374528A1356D002D10B8 /* SkeletonView in Frameworks */,
				0A62E54A289AC7FE00951038 /* Kingfisher in Frameworks */,
				0A62E53C289AB87F00951038 /* SwiftyJSON in Frameworks */,
				0A62E539289AB86E00951038 /* Alamofire in Frameworks */,
				0AFD374828A1366C002D10B8 /* JGProgressHUD in Frameworks */,
			);
			runOnlyForDeploymentPostprocessing = 0;
		};
/* End PBXFrameworksBuildPhase section */

/* Begin PBXGroup section */
		0A0EC35F289BF58E005DC884 /* Details */ = {
			isa = PBXGroup;
			children = (
				0A8F41BA289C0A1200AC4B96 /* Data */,
				0A0EC35D289BDD98005DC884 /* DetailsViewController.swift */,
				0A0EC360289BF5D2005DC884 /* OverviewTableViewCell.swift */,
				0A0EC361289BF5D2005DC884 /* OverviewTableViewCell.xib */,
				0A8F41B4289C015A00AC4B96 /* CustomTableViewCellDelegate.swift */,
				0A8F41BE289C0F1900AC4B96 /* CreditsTableViewCell.swift */,
				0A8F41B7289C07D900AC4B96 /* CreditsTableViewCell.xib */,
			);
			path = Details;
			sourceTree = "<group>";
		};
		0A10473E28A286B10095CB80 /* Recommendations */ = {
			isa = PBXGroup;
			children = (
				0A10474328A287D00095CB80 /* Recommendations.storyboard */,
				0A10473F28A2872B0095CB80 /* RecommendationsViewController.swift */,
				0A10474628A28B490095CB80 /* RecommendationsTableViewCell.xib */,
				0A10474528A28B490095CB80 /* RecommendationsTableViewCell.swift */,
				0A10475428A295D40095CB80 /* PosterCollectionViewCell.xib */,
				0A10475328A295D40095CB80 /* PosterCollectionViewCell.swift */,
			);
			path = Recommendations;
			sourceTree = "<group>";
		};
		0A10474928A28E0A0095CB80 /* Views */ = {
			isa = PBXGroup;
			children = (
				0A10474C28A28E500095CB80 /* PosterView.xib */,
				0A10474E28A28E620095CB80 /* PosterView.swift */,
			);
			path = Views;
			sourceTree = "<group>";
		};
		0A10475028A291D70095CB80 /* Constants */ = {
			isa = PBXGroup;
			children = (
				0A10475128A291EC0095CB80 /* NibName.swift */,
			);
			path = Constants;
			sourceTree = "<group>";
		};
		0A130A062899F72D00B1CCB5 = {
			isa = PBXGroup;
			children = (
				0A130A262899F7D300B1CCB5 /* .gitignore */,
				0A130A112899F72D00B1CCB5 /* TMDB */,
				0A130A102899F72D00B1CCB5 /* Products */,
			);
			sourceTree = "<group>";
		};
		0A130A102899F72D00B1CCB5 /* Products */ = {
			isa = PBXGroup;
			children = (
				0A130A0F2899F72D00B1CCB5 /* TMDB.app */,
			);
			name = Products;
			sourceTree = "<group>";
		};
		0A130A112899F72D00B1CCB5 /* TMDB */ = {
			isa = PBXGroup;
			children = (
				0A130A312899FA9E00B1CCB5 /* Key */,
				0A130A302899FA4700B1CCB5 /* Resource */,
				0A130A122899F72D00B1CCB5 /* AppDelegate.swift */,
				0A130A142899F72D00B1CCB5 /* SceneDelegate.swift */,
				0A130A182899F72D00B1CCB5 /* Main.storyboard */,
				0A62E534289AB64100951038 /* Trending */,
				0A10473E28A286B10095CB80 /* Recommendations */,
				0A10474928A28E0A0095CB80 /* Views */,
				0A62E540289ABC1C00951038 /* Extensions */,
				0A62E541289ABC3800951038 /* Protocols */,
				0A10475028A291D70095CB80 /* Constants */,
				0A130A1B2899F72D00B1CCB5 /* Assets.xcassets */,
				0A130A1D2899F72D00B1CCB5 /* LaunchScreen.storyboard */,
				0A130A202899F72D00B1CCB5 /* Info.plist */,
			);
			path = TMDB;
			sourceTree = "<group>";
		};
		0A130A302899FA4700B1CCB5 /* Resource */ = {
			isa = PBXGroup;
			children = (
				0A130A2E2899F9B800B1CCB5 /* Constant.swift */,
			);
			path = Resource;
			sourceTree = "<group>";
		};
		0A130A312899FA9E00B1CCB5 /* Key */ = {
			isa = PBXGroup;
			children = (
				0A130A322899FAAB00B1CCB5 /* Example.swift */,
				0A130A2A2899F88D00B1CCB5 /* APIKey.swift */,
			);
			path = Key;
			sourceTree = "<group>";
		};
		0A62E534289AB64100951038 /* Trending */ = {
			isa = PBXGroup;
			children = (
				0A62E535289AB69800951038 /* TrendingViewController.swift */,
				0A62E530289AB63A00951038 /* TrendingCollectionViewCell.swift */,
				0A62E531289AB63A00951038 /* TrendingCollectionViewCell.xib */,
				0A7ADC3E289FBC5900A32A39 /* Web */,
				0A0EC35F289BF58E005DC884 /* Details */,
				0A62E53D289AB9F600951038 /* Data */,
			);
			path = Trending;
			sourceTree = "<group>";
		};
		0A62E53D289AB9F600951038 /* Data */ = {
			isa = PBXGroup;
			children = (
				0A62E53E289ABA0400951038 /* MediaModel.swift */,
			);
			path = Data;
			sourceTree = "<group>";
		};
		0A62E540289ABC1C00951038 /* Extensions */ = {
			isa = PBXGroup;
			children = (
				0A62E544289ABCFC00951038 /* UIViewController+Extension.swift */,
				0A62E546289ABD4D00951038 /* UICollectionViewCell+Extension.swift */,
				0A8F41B2289BF84400AC4B96 /* UITableViewCell+Extension.swift */,
			);
			path = Extensions;
			sourceTree = "<group>";
		};
		0A62E541289ABC3800951038 /* Protocols */ = {
			isa = PBXGroup;
			children = (
				0A62E542289ABCCF00951038 /* ReusableViewProtocol.swift */,
			);
			path = Protocols;
			sourceTree = "<group>";
		};
		0A7ADC3E289FBC5900A32A39 /* Web */ = {
			isa = PBXGroup;
			children = (
				0A60F067289FBE05008538AF /* Web.storyboard */,
				0A7ADC3F289FBD4B00A32A39 /* WebViewController.swift */,
			);
			path = Web;
			sourceTree = "<group>";
		};
		0A8F41BA289C0A1200AC4B96 /* Data */ = {
			isa = PBXGroup;
			children = (
				0A8F41BB289C0A2700AC4B96 /* CastModel.swift */,
			);
			path = Data;
			sourceTree = "<group>";
		};
/* End PBXGroup section */

/* Begin PBXNativeTarget section */
		0A130A0E2899F72D00B1CCB5 /* TMDB */ = {
			isa = PBXNativeTarget;
			buildConfigurationList = 0A130A232899F72D00B1CCB5 /* Build configuration list for PBXNativeTarget "TMDB" */;
			buildPhases = (
				0A130A0B2899F72D00B1CCB5 /* Sources */,
				0A130A0C2899F72D00B1CCB5 /* Frameworks */,
				0A130A0D2899F72D00B1CCB5 /* Resources */,
			);
			buildRules = (
			);
			dependencies = (
			);
			name = TMDB;
			packageProductDependencies = (
				0A62E538289AB86E00951038 /* Alamofire */,
				0A62E53B289AB87F00951038 /* SwiftyJSON */,
				0A62E549289AC7FE00951038 /* Kingfisher */,
				0AFD374428A1356D002D10B8 /* SkeletonView */,
				0AFD374728A1366C002D10B8 /* JGProgressHUD */,
			);
			productName = TMDB;
			productReference = 0A130A0F2899F72D00B1CCB5 /* TMDB.app */;
			productType = "com.apple.product-type.application";
		};
/* End PBXNativeTarget section */

/* Begin PBXProject section */
		0A130A072899F72D00B1CCB5 /* Project object */ = {
			isa = PBXProject;
			attributes = {
				BuildIndependentTargetsInParallel = 1;
				LastSwiftUpdateCheck = 1340;
				LastUpgradeCheck = 1340;
				TargetAttributes = {
					0A130A0E2899F72D00B1CCB5 = {
						CreatedOnToolsVersion = 13.4.1;
					};
				};
			};
			buildConfigurationList = 0A130A0A2899F72D00B1CCB5 /* Build configuration list for PBXProject "TMDB" */;
			compatibilityVersion = "Xcode 13.0";
			developmentRegion = en;
			hasScannedForEncodings = 0;
			knownRegions = (
				en,
				Base,
			);
			mainGroup = 0A130A062899F72D00B1CCB5;
			packageReferences = (
				0A62E537289AB86E00951038 /* XCRemoteSwiftPackageReference "Alamofire" */,
				0A62E53A289AB87F00951038 /* XCRemoteSwiftPackageReference "SwiftyJSON" */,
				0A62E548289AC7FE00951038 /* XCRemoteSwiftPackageReference "Kingfisher" */,
				0AFD374328A1356D002D10B8 /* XCRemoteSwiftPackageReference "SkeletonView" */,
				0AFD374628A1366C002D10B8 /* XCRemoteSwiftPackageReference "JGProgressHUD" */,
			);
			productRefGroup = 0A130A102899F72D00B1CCB5 /* Products */;
			projectDirPath = "";
			projectRoot = "";
			targets = (
				0A130A0E2899F72D00B1CCB5 /* TMDB */,
			);
		};
/* End PBXProject section */

/* Begin PBXResourcesBuildPhase section */
		0A130A0D2899F72D00B1CCB5 /* Resources */ = {
			isa = PBXResourcesBuildPhase;
			buildActionMask = 2147483647;
			files = (
				0A130A272899F7D300B1CCB5 /* .gitignore in Resources */,
				0A10475628A295D50095CB80 /* PosterCollectionViewCell.xib in Resources */,
				0A10474D28A28E500095CB80 /* PosterView.xib in Resources */,
				0A10474428A287D00095CB80 /* Recommendations.storyboard in Resources */,
				0A62E533289AB63A00951038 /* TrendingCollectionViewCell.xib in Resources */,
				0A0EC363289BF5D2005DC884 /* OverviewTableViewCell.xib in Resources */,
				0A60F068289FBE05008538AF /* Web.storyboard in Resources */,
				0A130A1F2899F72D00B1CCB5 /* LaunchScreen.storyboard in Resources */,
				0A10474828A28B490095CB80 /* RecommendationsTableViewCell.xib in Resources */,
				0A8F41B9289C07D900AC4B96 /* CreditsTableViewCell.xib in Resources */,
				0A130A1C2899F72D00B1CCB5 /* Assets.xcassets in Resources */,
				0A130A1A2899F72D00B1CCB5 /* Main.storyboard in Resources */,
			);
			runOnlyForDeploymentPostprocessing = 0;
		};
/* End PBXResourcesBuildPhase section */

/* Begin PBXSourcesBuildPhase section */
		0A130A0B2899F72D00B1CCB5 /* Sources */ = {
			isa = PBXSourcesBuildPhase;
			buildActionMask = 2147483647;
			files = (
				0A10474728A28B490095CB80 /* RecommendationsTableViewCell.swift in Sources */,
				0A0EC362289BF5D2005DC884 /* OverviewTableViewCell.swift in Sources */,
				0A7ADC40289FBD4B00A32A39 /* WebViewController.swift in Sources */,
				0A62E545289ABCFC00951038 /* UIViewController+Extension.swift in Sources */,
				0A62E547289ABD4D00951038 /* UICollectionViewCell+Extension.swift in Sources */,
				0A10474F28A28E620095CB80 /* PosterView.swift in Sources */,
				0A10474128A2872B0095CB80 /* RecommendationsViewController.swift in Sources */,
				0A130A332899FAAB00B1CCB5 /* Example.swift in Sources */,
				0A10475528A295D50095CB80 /* PosterCollectionViewCell.swift in Sources */,
				0A130A132899F72D00B1CCB5 /* AppDelegate.swift in Sources */,
				0A62E532289AB63A00951038 /* TrendingCollectionViewCell.swift in Sources */,
				0A130A152899F72D00B1CCB5 /* SceneDelegate.swift in Sources */,
				0A8F41BF289C0F1900AC4B96 /* CreditsTableViewCell.swift in Sources */,
				0A8F41B5289C015A00AC4B96 /* CustomTableViewCellDelegate.swift in Sources */,
				0A8F41B3289BF84400AC4B96 /* UITableViewCell+Extension.swift in Sources */,
				0A130A2B2899F88D00B1CCB5 /* APIKey.swift in Sources */,
				0A130A2F2899F9B800B1CCB5 /* Constant.swift in Sources */,
				0A62E53F289ABA0400951038 /* MediaModel.swift in Sources */,
				0A8F41BC289C0A2700AC4B96 /* CastModel.swift in Sources */,
				0A10475228A291EC0095CB80 /* NibName.swift in Sources */,
				0A0EC35E289BDD98005DC884 /* DetailsViewController.swift in Sources */,
				0A62E543289ABCCF00951038 /* ReusableViewProtocol.swift in Sources */,
				0A62E536289AB69800951038 /* TrendingViewController.swift in Sources */,
			);
			runOnlyForDeploymentPostprocessing = 0;
		};
/* End PBXSourcesBuildPhase section */

/* Begin PBXVariantGroup section */
		0A130A182899F72D00B1CCB5 /* Main.storyboard */ = {
			isa = PBXVariantGroup;
			children = (
				0A130A192899F72D00B1CCB5 /* Base */,
			);
			name = Main.storyboard;
			sourceTree = "<group>";
		};
		0A130A1D2899F72D00B1CCB5 /* LaunchScreen.storyboard */ = {
			isa = PBXVariantGroup;
			children = (
				0A130A1E2899F72D00B1CCB5 /* Base */,
			);
			name = LaunchScreen.storyboard;
			sourceTree = "<group>";
		};
/* End PBXVariantGroup section */

/* Begin XCBuildConfiguration section */
		0A130A212899F72D00B1CCB5 /* Debug */ = {
			isa = XCBuildConfiguration;
			buildSettings = {
				ALWAYS_SEARCH_USER_PATHS = NO;
				CLANG_ANALYZER_NONNULL = YES;
				CLANG_ANALYZER_NUMBER_OBJECT_CONVERSION = YES_AGGRESSIVE;
				CLANG_CXX_LANGUAGE_STANDARD = "gnu++17";
				CLANG_ENABLE_MODULES = YES;
				CLANG_ENABLE_OBJC_ARC = YES;
				CLANG_ENABLE_OBJC_WEAK = YES;
				CLANG_WARN_BLOCK_CAPTURE_AUTORELEASING = YES;
				CLANG_WARN_BOOL_CONVERSION = YES;
				CLANG_WARN_COMMA = YES;
				CLANG_WARN_CONSTANT_CONVERSION = YES;
				CLANG_WARN_DEPRECATED_OBJC_IMPLEMENTATIONS = YES;
				CLANG_WARN_DIRECT_OBJC_ISA_USAGE = YES_ERROR;
				CLANG_WARN_DOCUMENTATION_COMMENTS = YES;
				CLANG_WARN_EMPTY_BODY = YES;
				CLANG_WARN_ENUM_CONVERSION = YES;
				CLANG_WARN_INFINITE_RECURSION = YES;
				CLANG_WARN_INT_CONVERSION = YES;
				CLANG_WARN_NON_LITERAL_NULL_CONVERSION = YES;
				CLANG_WARN_OBJC_IMPLICIT_RETAIN_SELF = YES;
				CLANG_WARN_OBJC_LITERAL_CONVERSION = YES;
				CLANG_WARN_OBJC_ROOT_CLASS = YES_ERROR;
				CLANG_WARN_QUOTED_INCLUDE_IN_FRAMEWORK_HEADER = YES;
				CLANG_WARN_RANGE_LOOP_ANALYSIS = YES;
				CLANG_WARN_STRICT_PROTOTYPES = YES;
				CLANG_WARN_SUSPICIOUS_MOVE = YES;
				CLANG_WARN_UNGUARDED_AVAILABILITY = YES_AGGRESSIVE;
				CLANG_WARN_UNREACHABLE_CODE = YES;
				CLANG_WARN__DUPLICATE_METHOD_MATCH = YES;
				COPY_PHASE_STRIP = NO;
				DEBUG_INFORMATION_FORMAT = dwarf;
				ENABLE_STRICT_OBJC_MSGSEND = YES;
				ENABLE_TESTABILITY = YES;
				GCC_C_LANGUAGE_STANDARD = gnu11;
				GCC_DYNAMIC_NO_PIC = NO;
				GCC_NO_COMMON_BLOCKS = YES;
				GCC_OPTIMIZATION_LEVEL = 0;
				GCC_PREPROCESSOR_DEFINITIONS = (
					"DEBUG=1",
					"$(inherited)",
				);
				GCC_WARN_64_TO_32_BIT_CONVERSION = YES;
				GCC_WARN_ABOUT_RETURN_TYPE = YES_ERROR;
				GCC_WARN_UNDECLARED_SELECTOR = YES;
				GCC_WARN_UNINITIALIZED_AUTOS = YES_AGGRESSIVE;
				GCC_WARN_UNUSED_FUNCTION = YES;
				GCC_WARN_UNUSED_VARIABLE = YES;
				IPHONEOS_DEPLOYMENT_TARGET = 15.5;
				MTL_ENABLE_DEBUG_INFO = INCLUDE_SOURCE;
				MTL_FAST_MATH = YES;
				ONLY_ACTIVE_ARCH = YES;
				SDKROOT = iphoneos;
				SWIFT_ACTIVE_COMPILATION_CONDITIONS = DEBUG;
				SWIFT_OPTIMIZATION_LEVEL = "-Onone";
			};
			name = Debug;
		};
		0A130A222899F72D00B1CCB5 /* Release */ = {
			isa = XCBuildConfiguration;
			buildSettings = {
				ALWAYS_SEARCH_USER_PATHS = NO;
				CLANG_ANALYZER_NONNULL = YES;
				CLANG_ANALYZER_NUMBER_OBJECT_CONVERSION = YES_AGGRESSIVE;
				CLANG_CXX_LANGUAGE_STANDARD = "gnu++17";
				CLANG_ENABLE_MODULES = YES;
				CLANG_ENABLE_OBJC_ARC = YES;
				CLANG_ENABLE_OBJC_WEAK = YES;
				CLANG_WARN_BLOCK_CAPTURE_AUTORELEASING = YES;
				CLANG_WARN_BOOL_CONVERSION = YES;
				CLANG_WARN_COMMA = YES;
				CLANG_WARN_CONSTANT_CONVERSION = YES;
				CLANG_WARN_DEPRECATED_OBJC_IMPLEMENTATIONS = YES;
				CLANG_WARN_DIRECT_OBJC_ISA_USAGE = YES_ERROR;
				CLANG_WARN_DOCUMENTATION_COMMENTS = YES;
				CLANG_WARN_EMPTY_BODY = YES;
				CLANG_WARN_ENUM_CONVERSION = YES;
				CLANG_WARN_INFINITE_RECURSION = YES;
				CLANG_WARN_INT_CONVERSION = YES;
				CLANG_WARN_NON_LITERAL_NULL_CONVERSION = YES;
				CLANG_WARN_OBJC_IMPLICIT_RETAIN_SELF = YES;
				CLANG_WARN_OBJC_LITERAL_CONVERSION = YES;
				CLANG_WARN_OBJC_ROOT_CLASS = YES_ERROR;
				CLANG_WARN_QUOTED_INCLUDE_IN_FRAMEWORK_HEADER = YES;
				CLANG_WARN_RANGE_LOOP_ANALYSIS = YES;
				CLANG_WARN_STRICT_PROTOTYPES = YES;
				CLANG_WARN_SUSPICIOUS_MOVE = YES;
				CLANG_WARN_UNGUARDED_AVAILABILITY = YES_AGGRESSIVE;
				CLANG_WARN_UNREACHABLE_CODE = YES;
				CLANG_WARN__DUPLICATE_METHOD_MATCH = YES;
				COPY_PHASE_STRIP = NO;
				DEBUG_INFORMATION_FORMAT = "dwarf-with-dsym";
				ENABLE_NS_ASSERTIONS = NO;
				ENABLE_STRICT_OBJC_MSGSEND = YES;
				GCC_C_LANGUAGE_STANDARD = gnu11;
				GCC_NO_COMMON_BLOCKS = YES;
				GCC_WARN_64_TO_32_BIT_CONVERSION = YES;
				GCC_WARN_ABOUT_RETURN_TYPE = YES_ERROR;
				GCC_WARN_UNDECLARED_SELECTOR = YES;
				GCC_WARN_UNINITIALIZED_AUTOS = YES_AGGRESSIVE;
				GCC_WARN_UNUSED_FUNCTION = YES;
				GCC_WARN_UNUSED_VARIABLE = YES;
				IPHONEOS_DEPLOYMENT_TARGET = 15.5;
				MTL_ENABLE_DEBUG_INFO = NO;
				MTL_FAST_MATH = YES;
				SDKROOT = iphoneos;
				SWIFT_COMPILATION_MODE = wholemodule;
				SWIFT_OPTIMIZATION_LEVEL = "-O";
				VALIDATE_PRODUCT = YES;
			};
			name = Release;
		};
		0A130A242899F72D00B1CCB5 /* Debug */ = {
			isa = XCBuildConfiguration;
			buildSettings = {
				ASSETCATALOG_COMPILER_APPICON_NAME = AppIcon;
				ASSETCATALOG_COMPILER_GLOBAL_ACCENT_COLOR_NAME = AccentColor;
				CODE_SIGN_STYLE = Automatic;
				CURRENT_PROJECT_VERSION = 1;
				DEVELOPMENT_TEAM = JZ9V99JF7T;
				GENERATE_INFOPLIST_FILE = YES;
				INFOPLIST_FILE = TMDB/Info.plist;
				INFOPLIST_KEY_UIApplicationSupportsIndirectInputEvents = YES;
				INFOPLIST_KEY_UILaunchStoryboardName = LaunchScreen;
				INFOPLIST_KEY_UIMainStoryboardFile = Main;
				INFOPLIST_KEY_UISupportedInterfaceOrientations_iPad = "UIInterfaceOrientationPortrait UIInterfaceOrientationPortraitUpsideDown UIInterfaceOrientationLandscapeLeft UIInterfaceOrientationLandscapeRight";
				INFOPLIST_KEY_UISupportedInterfaceOrientations_iPhone = "UIInterfaceOrientationPortrait UIInterfaceOrientationLandscapeLeft UIInterfaceOrientationLandscapeRight";
				LD_RUNPATH_SEARCH_PATHS = (
					"$(inherited)",
					"@executable_path/Frameworks",
				);
				MARKETING_VERSION = 1.0;
				PRODUCT_BUNDLE_IDENTIFIER = com.sani.TMDB;
				PRODUCT_NAME = "$(TARGET_NAME)";
				SWIFT_EMIT_LOC_STRINGS = YES;
				SWIFT_VERSION = 5.0;
				TARGETED_DEVICE_FAMILY = "1,2";
			};
			name = Debug;
		};
		0A130A252899F72D00B1CCB5 /* Release */ = {
			isa = XCBuildConfiguration;
			buildSettings = {
				ASSETCATALOG_COMPILER_APPICON_NAME = AppIcon;
				ASSETCATALOG_COMPILER_GLOBAL_ACCENT_COLOR_NAME = AccentColor;
				CODE_SIGN_STYLE = Automatic;
				CURRENT_PROJECT_VERSION = 1;
				DEVELOPMENT_TEAM = JZ9V99JF7T;
				GENERATE_INFOPLIST_FILE = YES;
				INFOPLIST_FILE = TMDB/Info.plist;
				INFOPLIST_KEY_UIApplicationSupportsIndirectInputEvents = YES;
				INFOPLIST_KEY_UILaunchStoryboardName = LaunchScreen;
				INFOPLIST_KEY_UIMainStoryboardFile = Main;
				INFOPLIST_KEY_UISupportedInterfaceOrientations_iPad = "UIInterfaceOrientationPortrait UIInterfaceOrientationPortraitUpsideDown UIInterfaceOrientationLandscapeLeft UIInterfaceOrientationLandscapeRight";
				INFOPLIST_KEY_UISupportedInterfaceOrientations_iPhone = "UIInterfaceOrientationPortrait UIInterfaceOrientationLandscapeLeft UIInterfaceOrientationLandscapeRight";
				LD_RUNPATH_SEARCH_PATHS = (
					"$(inherited)",
					"@executable_path/Frameworks",
				);
				MARKETING_VERSION = 1.0;
				PRODUCT_BUNDLE_IDENTIFIER = com.sani.TMDB;
				PRODUCT_NAME = "$(TARGET_NAME)";
				SWIFT_EMIT_LOC_STRINGS = YES;
				SWIFT_VERSION = 5.0;
				TARGETED_DEVICE_FAMILY = "1,2";
			};
			name = Release;
		};
/* End XCBuildConfiguration section */

/* Begin XCConfigurationList section */
		0A130A0A2899F72D00B1CCB5 /* Build configuration list for PBXProject "TMDB" */ = {
			isa = XCConfigurationList;
			buildConfigurations = (
				0A130A212899F72D00B1CCB5 /* Debug */,
				0A130A222899F72D00B1CCB5 /* Release */,
			);
			defaultConfigurationIsVisible = 0;
			defaultConfigurationName = Release;
		};
		0A130A232899F72D00B1CCB5 /* Build configuration list for PBXNativeTarget "TMDB" */ = {
			isa = XCConfigurationList;
			buildConfigurations = (
				0A130A242899F72D00B1CCB5 /* Debug */,
				0A130A252899F72D00B1CCB5 /* Release */,
			);
			defaultConfigurationIsVisible = 0;
			defaultConfigurationName = Release;
		};
/* End XCConfigurationList section */

/* Begin XCRemoteSwiftPackageReference section */
		0A62E537289AB86E00951038 /* XCRemoteSwiftPackageReference "Alamofire" */ = {
			isa = XCRemoteSwiftPackageReference;
			repositoryURL = "https://github.com/Alamofire/Alamofire.git";
			requirement = {
				kind = upToNextMajorVersion;
				minimumVersion = 5.0.0;
			};
		};
		0A62E53A289AB87F00951038 /* XCRemoteSwiftPackageReference "SwiftyJSON" */ = {
			isa = XCRemoteSwiftPackageReference;
			repositoryURL = "https://github.com/SwiftyJSON/SwiftyJSON.git";
			requirement = {
				kind = upToNextMajorVersion;
				minimumVersion = 5.0.0;
			};
		};
		0A62E548289AC7FE00951038 /* XCRemoteSwiftPackageReference "Kingfisher" */ = {
			isa = XCRemoteSwiftPackageReference;
			repositoryURL = "https://github.com/onevcat/Kingfisher.git";
			requirement = {
				kind = upToNextMajorVersion;
				minimumVersion = 7.0.0;
			};
		};
		0AFD374328A1356D002D10B8 /* XCRemoteSwiftPackageReference "SkeletonView" */ = {
			isa = XCRemoteSwiftPackageReference;
			repositoryURL = "https://github.com/Juanpe/SkeletonView.git";
			requirement = {
				kind = upToNextMajorVersion;
				minimumVersion = 1.0.0;
			};
		};
		0AFD374628A1366C002D10B8 /* XCRemoteSwiftPackageReference "JGProgressHUD" */ = {
			isa = XCRemoteSwiftPackageReference;
			repositoryURL = "https://github.com/JonasGessner/JGProgressHUD.git";
			requirement = {
				kind = upToNextMajorVersion;
				minimumVersion = 2.0.0;
			};
		};
/* End XCRemoteSwiftPackageReference section */

/* Begin XCSwiftPackageProductDependency section */
		0A62E538289AB86E00951038 /* Alamofire */ = {
			isa = XCSwiftPackageProductDependency;
			package = 0A62E537289AB86E00951038 /* XCRemoteSwiftPackageReference "Alamofire" */;
			productName = Alamofire;
		};
		0A62E53B289AB87F00951038 /* SwiftyJSON */ = {
			isa = XCSwiftPackageProductDependency;
			package = 0A62E53A289AB87F00951038 /* XCRemoteSwiftPackageReference "SwiftyJSON" */;
			productName = SwiftyJSON;
		};
		0A62E549289AC7FE00951038 /* Kingfisher */ = {
			isa = XCSwiftPackageProductDependency;
			package = 0A62E548289AC7FE00951038 /* XCRemoteSwiftPackageReference "Kingfisher" */;
			productName = Kingfisher;
		};
		0AFD374428A1356D002D10B8 /* SkeletonView */ = {
			isa = XCSwiftPackageProductDependency;
			package = 0AFD374328A1356D002D10B8 /* XCRemoteSwiftPackageReference "SkeletonView" */;
			productName = SkeletonView;
		};
		0AFD374728A1366C002D10B8 /* JGProgressHUD */ = {
			isa = XCSwiftPackageProductDependency;
			package = 0AFD374628A1366C002D10B8 /* XCRemoteSwiftPackageReference "JGProgressHUD" */;
			productName = JGProgressHUD;
		};
/* End XCSwiftPackageProductDependency section */
	};
	rootObject = 0A130A072899F72D00B1CCB5 /* Project object */;
}
